
Microsoft Visual Studio Solution File, Format Version 12.00
# Visual Studio Version 17
VisualStudioVersion = 17.8.34330.188
MinimumVisualStudioVersion = 10.0.40219.1
Project("{FAE04EC0-301F-11D3-BF4B-00C04F79EFBC}") = "CandidateAPI", "CandidateAPI\CandidateAPI.csproj", "{2846BB54-3D45-4144-A8FE-7195C76385DE}"
EndProject
Project("{FAE04EC0-301F-11D3-BF4B-00C04F79EFBC}") = "CandidateApi.Tests", "CandidateApi.Tests\CandidateApi.Tests.csproj", "{97C39FB4-51A5-44DA-AF0C-8B497CD275B0}"
EndProject
Global
	GlobalSection(SolutionConfigurationPlatforms) = preSolution
		Debug|Any CPU = Debug|Any CPU
		Release|Any CPU = Release|Any CPU
	EndGlobalSection
	GlobalSection(ProjectConfigurationPlatforms) = postSolution
		{2846BB54-3D45-4144-A8FE-7195C76385DE}.Debug|Any CPU.ActiveCfg = Debug|Any CPU
		{2846BB54-3D45-4144-A8FE-7195C76385DE}.Debug|Any CPU.Build.0 = Debug|Any CPU
		{2846BB54-3D45-4144-A8FE-7195C76385DE}.Release|Any CPU.ActiveCfg = Release|Any CPU
		{2846BB54-3D45-4144-A8FE-7195C76385DE}.Release|Any CPU.Build.0 = Release|Any CPU
		{97C39FB4-51A5-44DA-AF0C-8B497CD275B0}.Debug|Any CPU.ActiveCfg = Debug|Any CPU
		{97C39FB4-51A5-44DA-AF0C-8B497CD275B0}.Debug|Any CPU.Build.0 = Debug|Any CPU
		{97C39FB4-51A5-44DA-AF0C-8B497CD275B0}.Release|Any CPU.ActiveCfg = Release|Any CPU
		{97C39FB4-51A5-44DA-AF0C-8B497CD275B0}.Release|Any CPU.Build.0 = Release|Any CPU
	EndGlobalSection
	GlobalSection(SolutionProperties) = preSolution
		HideSolutionNode = FALSE
	EndGlobalSection
	GlobalSection(ExtensibilityGlobals) = postSolution
		SolutionGuid = {A74B6566-935C-4B65-AB83-4BB9AA95506F}
	EndGlobalSection
EndGlobal
